
Microsoft Visual Studio Solution File, Format Version 12.00
# Visual Studio Version 17
VisualStudioVersion = 17.0.31903.59
MinimumVisualStudioVersion = 10.0.40219.1
Project("{2150E333-8FDC-42A3-9474-1A3956D46DE8}") = "Src", "Src", "{6CAF41F5-DBAA-4376-BD95-921B6145A878}"
EndProject
Project("{9A19103F-16F7-4668-BE54-9A1E7A4F7556}") = "Catalog.API", "Src\Services\Catalog\Catalog.API\Catalog.API.csproj", "{0A15EB84-94FB-4F44-A4A4-C919F23D8A85}"
EndProject
Project("{2150E333-8FDC-42A3-9474-1A3956D46DE8}") = "Services", "Services", "{1FACE535-8555-43C6-BFC3-21A93295440B}"
EndProject
Project("{2150E333-8FDC-42A3-9474-1A3956D46DE8}") = "Catalog", "Catalog", "{DA375E52-B53C-4A1E-AE34-0D550116AC1E}"
EndProject
Project("{2150E333-8FDC-42A3-9474-1A3956D46DE8}") = "BuildingBlocks", "BuildingBlocks", "{4DA0C0E7-52F6-4A97-9216-17CA2B7E3839}"
EndProject
Project("{E53339B2-1760-4266-BCC7-CA923CBCF16C}") = "docker-compose", "docker-compose.dcproj", "{C4D9BC53-97A1-4F4B-9877-1D43EBCBC48D}"
EndProject
Project("{2150E333-8FDC-42A3-9474-1A3956D46DE8}") = "Basket", "Basket", "{6E22411E-6D08-4487-91B6-14B062E7D3B3}"
EndProject
Project("{9A19103F-16F7-4668-BE54-9A1E7A4F7556}") = "Basket.API", "Src\Services\Basket\Basket.API\Basket.API.csproj", "{9D78AA79-14EC-4D2A-A3F0-B7890CFB7C70}"
EndProject
Project("{2150E333-8FDC-42A3-9474-1A3956D46DE8}") = "Discount", "Discount", "{EE2D0B05-F48D-48A7-A0A4-E697A76572DC}"
EndProject
Project("{FAE04EC0-301F-11D3-BF4B-00C04F79EFBC}") = "Discount.Grpc", "Src\Services\Discount.Grpc\Discount.Grpc.csproj", "{589308AC-889C-483C-86D0-87B8C1860D1A}"
EndProject
Project("{2150E333-8FDC-42A3-9474-1A3956D46DE8}") = "Search", "Search", "{863C215F-05E1-42E1-8BA8-C46C6C30898D}"
EndProject
Project("{FAE04EC0-301F-11D3-BF4B-00C04F79EFBC}") = "Search", "Src\Services\Search\Search\Search.csproj", "{1667C314-83D5-4041-A49E-32E1D490E1F5}"
EndProject
Project("{2150E333-8FDC-42A3-9474-1A3956D46DE8}") = "Ordering", "Ordering", "{915D71B3-77EB-4E92-ABDB-B751346A799E}"
EndProject
Project("{FAE04EC0-301F-11D3-BF4B-00C04F79EFBC}") = "Ordering.Application", "Src\Services\Ordering\Ordering.Application\Ordering.Application.csproj", "{7117766A-AC97-42B9-8E7D-8476E76EB7EA}"
EndProject
Project("{FAE04EC0-301F-11D3-BF4B-00C04F79EFBC}") = "Ordering.Infrastructure", "Src\Services\Ordering\Ordering.Infrastructure\Ordering.Infrastructure.csproj", "{A0DB0108-B6A3-488D-940B-723E603A667F}"
EndProject
Project("{FAE04EC0-301F-11D3-BF4B-00C04F79EFBC}") = "Ordering.Domain", "Src\Services\Ordering\Ordering.Domain\Ordering.Domain.csproj", "{644B77E9-03DF-41CD-8799-120BC0124669}"
EndProject
Project("{FAE04EC0-301F-11D3-BF4B-00C04F79EFBC}") = "Ordering.API", "Src\Services\Ordering\Ordering.API\Ordering.API.csproj", "{7EB6051D-11EA-4524-9914-C9E889067E4A}"
EndProject
Project("{FAE04EC0-301F-11D3-BF4B-00C04F79EFBC}") = "BuildingBlocks.Messaging", "Src\BuildingBlocks\BuildingBlocks.Messaging\BuildingBlocks.Messaging.csproj", "{0123AAB7-947B-49F0-8C4E-46CB3B46789C}"
EndProject
Project("{FAE04EC0-301F-11D3-BF4B-00C04F79EFBC}") = "BuildingBlocks", "Src\BuildingBlocks\BuildingBlocks\BuildingBlocks.csproj", "{D4FF5F2E-9785-49B6-A505-47A592DE7D0C}"
EndProject
Project("{2150E333-8FDC-42A3-9474-1A3956D46DE8}") = "Media", "Media", "{1C8AE26F-2554-48A5-91AA-A591D42057C2}"
EndProject
Project("{FAE04EC0-301F-11D3-BF4B-00C04F79EFBC}") = "Media", "Src\Services\Media\Media\Media.csproj", "{74256248-08DF-4C15-8D5C-2F6F022407A2}"
EndProject
Project("{2150E333-8FDC-42A3-9474-1A3956D46DE8}") = "Shortner", "Shortner", "{E0F3EFDD-562F-49A1-A885-B3562759BDFA}"
EndProject
Project("{FAE04EC0-301F-11D3-BF4B-00C04F79EFBC}") = "Shortner", "Src\Services\Shortner\Shortner\Shortner.csproj", "{72EE773E-9143-41CD-B651-176135A77D60}"
EndProject
Global
	GlobalSection(SolutionConfigurationPlatforms) = preSolution
		Debug|Any CPU = Debug|Any CPU
		Release|Any CPU = Release|Any CPU
	EndGlobalSection
	GlobalSection(ProjectConfigurationPlatforms) = postSolution
		{0A15EB84-94FB-4F44-A4A4-C919F23D8A85}.Debug|Any CPU.ActiveCfg = Debug|Any CPU
		{0A15EB84-94FB-4F44-A4A4-C919F23D8A85}.Debug|Any CPU.Build.0 = Debug|Any CPU
		{0A15EB84-94FB-4F44-A4A4-C919F23D8A85}.Release|Any CPU.ActiveCfg = Release|Any CPU
		{0A15EB84-94FB-4F44-A4A4-C919F23D8A85}.Release|Any CPU.Build.0 = Release|Any CPU
		{C4D9BC53-97A1-4F4B-9877-1D43EBCBC48D}.Debug|Any CPU.ActiveCfg = Debug|Any CPU
		{C4D9BC53-97A1-4F4B-9877-1D43EBCBC48D}.Debug|Any CPU.Build.0 = Debug|Any CPU
		{C4D9BC53-97A1-4F4B-9877-1D43EBCBC48D}.Release|Any CPU.ActiveCfg = Release|Any CPU
		{C4D9BC53-97A1-4F4B-9877-1D43EBCBC48D}.Release|Any CPU.Build.0 = Release|Any CPU
		{9D78AA79-14EC-4D2A-A3F0-B7890CFB7C70}.Debug|Any CPU.ActiveCfg = Debug|Any CPU
		{9D78AA79-14EC-4D2A-A3F0-B7890CFB7C70}.Debug|Any CPU.Build.0 = Debug|Any CPU
		{9D78AA79-14EC-4D2A-A3F0-B7890CFB7C70}.Release|Any CPU.ActiveCfg = Release|Any CPU
		{9D78AA79-14EC-4D2A-A3F0-B7890CFB7C70}.Release|Any CPU.Build.0 = Release|Any CPU
		{589308AC-889C-483C-86D0-87B8C1860D1A}.Debug|Any CPU.ActiveCfg = Debug|Any CPU
		{589308AC-889C-483C-86D0-87B8C1860D1A}.Debug|Any CPU.Build.0 = Debug|Any CPU
		{589308AC-889C-483C-86D0-87B8C1860D1A}.Release|Any CPU.ActiveCfg = Release|Any CPU
		{589308AC-889C-483C-86D0-87B8C1860D1A}.Release|Any CPU.Build.0 = Release|Any CPU
		{1667C314-83D5-4041-A49E-32E1D490E1F5}.Debug|Any CPU.ActiveCfg = Debug|Any CPU
		{1667C314-83D5-4041-A49E-32E1D490E1F5}.Debug|Any CPU.Build.0 = Debug|Any CPU
		{1667C314-83D5-4041-A49E-32E1D490E1F5}.Release|Any CPU.ActiveCfg = Release|Any CPU
		{1667C314-83D5-4041-A49E-32E1D490E1F5}.Release|Any CPU.Build.0 = Release|Any CPU
		{7117766A-AC97-42B9-8E7D-8476E76EB7EA}.Debug|Any CPU.ActiveCfg = Debug|Any CPU
		{7117766A-AC97-42B9-8E7D-8476E76EB7EA}.Debug|Any CPU.Build.0 = Debug|Any CPU
		{7117766A-AC97-42B9-8E7D-8476E76EB7EA}.Release|Any CPU.ActiveCfg = Release|Any CPU
		{7117766A-AC97-42B9-8E7D-8476E76EB7EA}.Release|Any CPU.Build.0 = Release|Any CPU
		{A0DB0108-B6A3-488D-940B-723E603A667F}.Debug|Any CPU.ActiveCfg = Debug|Any CPU
		{A0DB0108-B6A3-488D-940B-723E603A667F}.Debug|Any CPU.Build.0 = Debug|Any CPU
		{A0DB0108-B6A3-488D-940B-723E603A667F}.Release|Any CPU.ActiveCfg = Release|Any CPU
		{A0DB0108-B6A3-488D-940B-723E603A667F}.Release|Any CPU.Build.0 = Release|Any CPU
		{644B77E9-03DF-41CD-8799-120BC0124669}.Debug|Any CPU.ActiveCfg = Debug|Any CPU
		{644B77E9-03DF-41CD-8799-120BC0124669}.Debug|Any CPU.Build.0 = Debug|Any CPU
		{644B77E9-03DF-41CD-8799-120BC0124669}.Release|Any CPU.ActiveCfg = Release|Any CPU
		{644B77E9-03DF-41CD-8799-120BC0124669}.Release|Any CPU.Build.0 = Release|Any CPU
		{7EB6051D-11EA-4524-9914-C9E889067E4A}.Debug|Any CPU.ActiveCfg = Debug|Any CPU
		{7EB6051D-11EA-4524-9914-C9E889067E4A}.Debug|Any CPU.Build.0 = Debug|Any CPU
		{7EB6051D-11EA-4524-9914-C9E889067E4A}.Release|Any CPU.ActiveCfg = Release|Any CPU
		{7EB6051D-11EA-4524-9914-C9E889067E4A}.Release|Any CPU.Build.0 = Release|Any CPU
		{0123AAB7-947B-49F0-8C4E-46CB3B46789C}.Debug|Any CPU.ActiveCfg = Debug|Any CPU
		{0123AAB7-947B-49F0-8C4E-46CB3B46789C}.Debug|Any CPU.Build.0 = Debug|Any CPU
		{0123AAB7-947B-49F0-8C4E-46CB3B46789C}.Release|Any CPU.ActiveCfg = Release|Any CPU
		{0123AAB7-947B-49F0-8C4E-46CB3B46789C}.Release|Any CPU.Build.0 = Release|Any CPU
		{D4FF5F2E-9785-49B6-A505-47A592DE7D0C}.Debug|Any CPU.ActiveCfg = Debug|Any CPU
		{D4FF5F2E-9785-49B6-A505-47A592DE7D0C}.Debug|Any CPU.Build.0 = Debug|Any CPU
		{D4FF5F2E-9785-49B6-A505-47A592DE7D0C}.Release|Any CPU.ActiveCfg = Release|Any CPU
		{D4FF5F2E-9785-49B6-A505-47A592DE7D0C}.Release|Any CPU.Build.0 = Release|Any CPU
		{74256248-08DF-4C15-8D5C-2F6F022407A2}.Debug|Any CPU.ActiveCfg = Debug|Any CPU
		{74256248-08DF-4C15-8D5C-2F6F022407A2}.Debug|Any CPU.Build.0 = Debug|Any CPU
		{74256248-08DF-4C15-8D5C-2F6F022407A2}.Release|Any CPU.ActiveCfg = Release|Any CPU
		{74256248-08DF-4C15-8D5C-2F6F022407A2}.Release|Any CPU.Build.0 = Release|Any CPU
		{72EE773E-9143-41CD-B651-176135A77D60}.Debug|Any CPU.ActiveCfg = Debug|Any CPU
		{72EE773E-9143-41CD-B651-176135A77D60}.Debug|Any CPU.Build.0 = Debug|Any CPU
		{72EE773E-9143-41CD-B651-176135A77D60}.Release|Any CPU.ActiveCfg = Release|Any CPU
		{72EE773E-9143-41CD-B651-176135A77D60}.Release|Any CPU.Build.0 = Release|Any CPU
	EndGlobalSection
	GlobalSection(SolutionProperties) = preSolution
		HideSolutionNode = FALSE
	EndGlobalSection
	GlobalSection(NestedProjects) = preSolution
		{0A15EB84-94FB-4F44-A4A4-C919F23D8A85} = {DA375E52-B53C-4A1E-AE34-0D550116AC1E}
		{1FACE535-8555-43C6-BFC3-21A93295440B} = {6CAF41F5-DBAA-4376-BD95-921B6145A878}
		{DA375E52-B53C-4A1E-AE34-0D550116AC1E} = {1FACE535-8555-43C6-BFC3-21A93295440B}
		{4DA0C0E7-52F6-4A97-9216-17CA2B7E3839} = {6CAF41F5-DBAA-4376-BD95-921B6145A878}
		{6E22411E-6D08-4487-91B6-14B062E7D3B3} = {1FACE535-8555-43C6-BFC3-21A93295440B}
		{9D78AA79-14EC-4D2A-A3F0-B7890CFB7C70} = {6E22411E-6D08-4487-91B6-14B062E7D3B3}
		{EE2D0B05-F48D-48A7-A0A4-E697A76572DC} = {1FACE535-8555-43C6-BFC3-21A93295440B}
		{589308AC-889C-483C-86D0-87B8C1860D1A} = {EE2D0B05-F48D-48A7-A0A4-E697A76572DC}
		{863C215F-05E1-42E1-8BA8-C46C6C30898D} = {1FACE535-8555-43C6-BFC3-21A93295440B}
		{1667C314-83D5-4041-A49E-32E1D490E1F5} = {863C215F-05E1-42E1-8BA8-C46C6C30898D}
		{915D71B3-77EB-4E92-ABDB-B751346A799E} = {1FACE535-8555-43C6-BFC3-21A93295440B}
		{7117766A-AC97-42B9-8E7D-8476E76EB7EA} = {915D71B3-77EB-4E92-ABDB-B751346A799E}
		{A0DB0108-B6A3-488D-940B-723E603A667F} = {915D71B3-77EB-4E92-ABDB-B751346A799E}
		{644B77E9-03DF-41CD-8799-120BC0124669} = {915D71B3-77EB-4E92-ABDB-B751346A799E}
		{7EB6051D-11EA-4524-9914-C9E889067E4A} = {915D71B3-77EB-4E92-ABDB-B751346A799E}
		{0123AAB7-947B-49F0-8C4E-46CB3B46789C} = {4DA0C0E7-52F6-4A97-9216-17CA2B7E3839}
		{D4FF5F2E-9785-49B6-A505-47A592DE7D0C} = {4DA0C0E7-52F6-4A97-9216-17CA2B7E3839}
		{1C8AE26F-2554-48A5-91AA-A591D42057C2} = {1FACE535-8555-43C6-BFC3-21A93295440B}
		{74256248-08DF-4C15-8D5C-2F6F022407A2} = {1C8AE26F-2554-48A5-91AA-A591D42057C2}
		{E0F3EFDD-562F-49A1-A885-B3562759BDFA} = {1FACE535-8555-43C6-BFC3-21A93295440B}
		{72EE773E-9143-41CD-B651-176135A77D60} = {E0F3EFDD-562F-49A1-A885-B3562759BDFA}
	EndGlobalSection
	GlobalSection(ExtensibilityGlobals) = postSolution
		SolutionGuid = {A0F1FDFB-3658-4583-80E5-4F75E4FC4B5F}
	EndGlobalSection
EndGlobal
